// !$*UTF8*$!
{
	archiveVersion = 1;
	classes = {
	};
	objectVersion = 46;
	objects = {

/* Begin PBXBuildFile section */
		9D349AB31A09FDDB003F7EF6 /* NSDate+COAdditions.m in Sources */ = {isa = PBXBuildFile; fileRef = 9D349AB21A09FDDB003F7EF6 /* NSDate+COAdditions.m */; };
		9D45742C1A09509E0075CF40 /* main.m in Sources */ = {isa = PBXBuildFile; fileRef = 9D45742B1A09509E0075CF40 /* main.m */; };
		9D45742F1A09509E0075CF40 /* BCAppDelegate.m in Sources */ = {isa = PBXBuildFile; fileRef = 9D45742E1A09509E0075CF40 /* BCAppDelegate.m */; };
		9D4574371A09509E0075CF40 /* Images.xcassets in Resources */ = {isa = PBXBuildFile; fileRef = 9D4574361A09509E0075CF40 /* Images.xcassets */; };
		9D4574461A09509F0075CF40 /* TripTrackerTests.m in Sources */ = {isa = PBXBuildFile; fileRef = 9D4574451A09509F0075CF40 /* TripTrackerTests.m */; };
		9D4574541A0952570075CF40 /* COHomeViewController.m in Sources */ = {isa = PBXBuildFile; fileRef = 9D4574531A0952570075CF40 /* COHomeViewController.m */; };
		9D7E3EFB1A095F9B0038FDB0 /* COTripLoggingControlView.m in Sources */ = {isa = PBXBuildFile; fileRef = 9D7E3EFA1A095F9B0038FDB0 /* COTripLoggingControlView.m */; };
		9D7E3EFE1A0965940038FDB0 /* UIColor+COAdditions.m in Sources */ = {isa = PBXBuildFile; fileRef = 9D7E3EFD1A0965940038FDB0 /* UIColor+COAdditions.m */; };
		9D7E3F011A0969D90038FDB0 /* COTripTableViewCell.m in Sources */ = {isa = PBXBuildFile; fileRef = 9D7E3F001A0969D90038FDB0 /* COTripTableViewCell.m */; };
		9D7E3F061A096BBF0038FDB0 /* CoreData.framework in Frameworks */ = {isa = PBXBuildFile; fileRef = 9D7E3F051A096BBF0038FDB0 /* CoreData.framework */; };
		9D7E3F0A1A096CB40038FDB0 /* TripTracker.xcdatamodeld in Sources */ = {isa = PBXBuildFile; fileRef = 9D7E3F081A096CB40038FDB0 /* TripTracker.xcdatamodeld */; };
		9D7E3F0D1A096D5C0038FDB0 /* Trip.m in Sources */ = {isa = PBXBuildFile; fileRef = 9D7E3F0C1A096D5C0038FDB0 /* Trip.m */; };
		9D7E3F101A09783F0038FDB0 /* COTripManager.m in Sources */ = {isa = PBXBuildFile; fileRef = 9D7E3F0F1A09783F0038FDB0 /* COTripManager.m */; };
		9D7E3F121A098A2E0038FDB0 /* CoreLocation.framework in Frameworks */ = {isa = PBXBuildFile; fileRef = 9D7E3F111A098A2E0038FDB0 /* CoreLocation.framework */; };
/* End PBXBuildFile section */

/* Begin PBXContainerItemProxy section */
		9D4574401A09509E0075CF40 /* PBXContainerItemProxy */ = {
			isa = PBXContainerItemProxy;
			containerPortal = 9D45741E1A09509E0075CF40 /* Project object */;
			proxyType = 1;
			remoteGlobalIDString = 9D4574251A09509E0075CF40;
			remoteInfo = TripTracker;
		};
/* End PBXContainerItemProxy section */

/* Begin PBXFileReference section */
		9D349AB11A09FDDB003F7EF6 /* NSDate+COAdditions.h */ = {isa = PBXFileReference; fileEncoding = 4; lastKnownFileType = sourcecode.c.h; path = "NSDate+COAdditions.h"; sourceTree = "<group>"; };
		9D349AB21A09FDDB003F7EF6 /* NSDate+COAdditions.m */ = {isa = PBXFileReference; fileEncoding = 4; lastKnownFileType = sourcecode.c.objc; path = "NSDate+COAdditions.m"; sourceTree = "<group>"; };
		9D4574261A09509E0075CF40 /* TripTracker.app */ = {isa = PBXFileReference; explicitFileType = wrapper.application; includeInIndex = 0; path = TripTracker.app; sourceTree = BUILT_PRODUCTS_DIR; };
		9D45742A1A09509E0075CF40 /* Info.plist */ = {isa = PBXFileReference; lastKnownFileType = text.plist.xml; path = Info.plist; sourceTree = "<group>"; };
		9D45742B1A09509E0075CF40 /* main.m */ = {isa = PBXFileReference; lastKnownFileType = sourcecode.c.objc; path = main.m; sourceTree = "<group>"; };
		9D45742D1A09509E0075CF40 /* BCAppDelegate.h */ = {isa = PBXFileReference; lastKnownFileType = sourcecode.c.h; path = BCAppDelegate.h; sourceTree = "<group>"; };
		9D45742E1A09509E0075CF40 /* BCAppDelegate.m */ = {isa = PBXFileReference; lastKnownFileType = sourcecode.c.objc; path = BCAppDelegate.m; sourceTree = "<group>"; };
		9D4574361A09509E0075CF40 /* Images.xcassets */ = {isa = PBXFileReference; lastKnownFileType = folder.assetcatalog; path = Images.xcassets; sourceTree = "<group>"; };
		9D45743F1A09509E0075CF40 /* TripTrackerTests.xctest */ = {isa = PBXFileReference; explicitFileType = wrapper.cfbundle; includeInIndex = 0; path = TripTrackerTests.xctest; sourceTree = BUILT_PRODUCTS_DIR; };
		9D4574441A09509F0075CF40 /* Info.plist */ = {isa = PBXFileReference; lastKnownFileType = text.plist.xml; path = Info.plist; sourceTree = "<group>"; };
		9D4574451A09509F0075CF40 /* TripTrackerTests.m */ = {isa = PBXFileReference; lastKnownFileType = sourcecode.c.objc; path = TripTrackerTests.m; sourceTree = "<group>"; };
		9D4574521A0952570075CF40 /* COHomeViewController.h */ = {isa = PBXFileReference; fileEncoding = 4; lastKnownFileType = sourcecode.c.h; name = COHomeViewController.h; path = ../COHomeViewController.h; sourceTree = "<group>"; };
		9D4574531A0952570075CF40 /* COHomeViewController.m */ = {isa = PBXFileReference; fileEncoding = 4; lastKnownFileType = sourcecode.c.objc; name = COHomeViewController.m; path = ../COHomeViewController.m; sourceTree = "<group>"; };
		9D7E3EF91A095F9B0038FDB0 /* COTripLoggingControlView.h */ = {isa = PBXFileReference; fileEncoding = 4; lastKnownFileType = sourcecode.c.h; path = COTripLoggingControlView.h; sourceTree = "<group>"; };
		9D7E3EFA1A095F9B0038FDB0 /* COTripLoggingControlView.m */ = {isa = PBXFileReference; fileEncoding = 4; lastKnownFileType = sourcecode.c.objc; path = COTripLoggingControlView.m; sourceTree = "<group>"; };
		9D7E3EFC1A0965940038FDB0 /* UIColor+COAdditions.h */ = {isa = PBXFileReference; fileEncoding = 4; lastKnownFileType = sourcecode.c.h; path = "UIColor+COAdditions.h"; sourceTree = "<group>"; };
		9D7E3EFD1A0965940038FDB0 /* UIColor+COAdditions.m */ = {isa = PBXFileReference; fileEncoding = 4; lastKnownFileType = sourcecode.c.objc; path = "UIColor+COAdditions.m"; sourceTree = "<group>"; };
		9D7E3EFF1A0969D90038FDB0 /* COTripTableViewCell.h */ = {isa = PBXFileReference; fileEncoding = 4; lastKnownFileType = sourcecode.c.h; path = COTripTableViewCell.h; sourceTree = "<group>"; };
		9D7E3F001A0969D90038FDB0 /* COTripTableViewCell.m */ = {isa = PBXFileReference; fileEncoding = 4; lastKnownFileType = sourcecode.c.objc; path = COTripTableViewCell.m; sourceTree = "<group>"; };
		9D7E3F051A096BBF0038FDB0 /* CoreData.framework */ = {isa = PBXFileReference; lastKnownFileType = wrapper.framework; name = CoreData.framework; path = System/Library/Frameworks/CoreData.framework; sourceTree = SDKROOT; };
		9D7E3F091A096CB40038FDB0 /* TripTracker.xcdatamodel */ = {isa = PBXFileReference; lastKnownFileType = wrapper.xcdatamodel; path = TripTracker.xcdatamodel; sourceTree = "<group>"; };
		9D7E3F0B1A096D5C0038FDB0 /* Trip.h */ = {isa = PBXFileReference; fileEncoding = 4; lastKnownFileType = sourcecode.c.h; path = Trip.h; sourceTree = "<group>"; };
		9D7E3F0C1A096D5C0038FDB0 /* Trip.m */ = {isa = PBXFileReference; fileEncoding = 4; lastKnownFileType = sourcecode.c.objc; path = Trip.m; sourceTree = "<group>"; };
		9D7E3F0E1A09783F0038FDB0 /* COTripManager.h */ = {isa = PBXFileReference; fileEncoding = 4; lastKnownFileType = sourcecode.c.h; path = COTripManager.h; sourceTree = "<group>"; };
		9D7E3F0F1A09783F0038FDB0 /* COTripManager.m */ = {isa = PBXFileReference; fileEncoding = 4; lastKnownFileType = sourcecode.c.objc; path = COTripManager.m; sourceTree = "<group>"; };
		9D7E3F111A098A2E0038FDB0 /* CoreLocation.framework */ = {isa = PBXFileReference; lastKnownFileType = wrapper.framework; name = CoreLocation.framework; path = System/Library/Frameworks/CoreLocation.framework; sourceTree = SDKROOT; };
/* End PBXFileReference section */

/* Begin PBXFrameworksBuildPhase section */
		9D4574231A09509E0075CF40 /* Frameworks */ = {
			isa = PBXFrameworksBuildPhase;
			buildActionMask = 2147483647;
			files = (
				9D7E3F121A098A2E0038FDB0 /* CoreLocation.framework in Frameworks */,
				9D7E3F061A096BBF0038FDB0 /* CoreData.framework in Frameworks */,
			);
			runOnlyForDeploymentPostprocessing = 0;
		};
		9D45743C1A09509E0075CF40 /* Frameworks */ = {
			isa = PBXFrameworksBuildPhase;
			buildActionMask = 2147483647;
			files = (
			);
			runOnlyForDeploymentPostprocessing = 0;
		};
/* End PBXFrameworksBuildPhase section */

/* Begin PBXGroup section */
		9D349AB41A0A0069003F7EF6 /* Additions */ = {
			isa = PBXGroup;
			children = (
				9D349AB11A09FDDB003F7EF6 /* NSDate+COAdditions.h */,
				9D349AB21A09FDDB003F7EF6 /* NSDate+COAdditions.m */,
				9D7E3EFC1A0965940038FDB0 /* UIColor+COAdditions.h */,
				9D7E3EFD1A0965940038FDB0 /* UIColor+COAdditions.m */,
			);
			name = Additions;
			sourceTree = "<group>";
		};
		9D349AB61A0A00B7003F7EF6 /* View Controllers */ = {
			isa = PBXGroup;
			children = (
				9D4574521A0952570075CF40 /* COHomeViewController.h */,
				9D4574531A0952570075CF40 /* COHomeViewController.m */,
			);
			name = "View Controllers";
			sourceTree = "<group>";
		};
		9D349AB71A0A00D0003F7EF6 /* Views */ = {
			isa = PBXGroup;
			children = (
				9D7E3EF91A095F9B0038FDB0 /* COTripLoggingControlView.h */,
				9D7E3EFA1A095F9B0038FDB0 /* COTripLoggingControlView.m */,
				9D7E3EFF1A0969D90038FDB0 /* COTripTableViewCell.h */,
				9D7E3F001A0969D90038FDB0 /* COTripTableViewCell.m */,
			);
			name = Views;
			sourceTree = "<group>";
		};
		9D349AB81A0A00F7003F7EF6 /* Models */ = {
			isa = PBXGroup;
			children = (
				9D7E3F081A096CB40038FDB0 /* TripTracker.xcdatamodeld */,
				9D7E3F0B1A096D5C0038FDB0 /* Trip.h */,
				9D7E3F0C1A096D5C0038FDB0 /* Trip.m */,
			);
			name = Models;
			sourceTree = "<group>";
		};
		9D349AB91A0A010F003F7EF6 /* Managers */ = {
			isa = PBXGroup;
			children = (
				9D7E3F0E1A09783F0038FDB0 /* COTripManager.h */,
				9D7E3F0F1A09783F0038FDB0 /* COTripManager.m */,
			);
			name = Managers;
			sourceTree = "<group>";
		};
		9D45741D1A09509E0075CF40 = {
			isa = PBXGroup;
			children = (
				9D4574281A09509E0075CF40 /* TripTracker */,
				9D7E3F071A096BDD0038FDB0 /* Frameworks */,
				9D4574421A09509F0075CF40 /* TripTrackerTests */,
				9D4574271A09509E0075CF40 /* Products */,
			);
			sourceTree = "<group>";
		};
		9D4574271A09509E0075CF40 /* Products */ = {
			isa = PBXGroup;
			children = (
				9D4574261A09509E0075CF40 /* TripTracker.app */,
				9D45743F1A09509E0075CF40 /* TripTrackerTests.xctest */,
			);
			name = Products;
			sourceTree = "<group>";
		};
		9D4574281A09509E0075CF40 /* TripTracker */ = {
			isa = PBXGroup;
			children = (
				9D45742D1A09509E0075CF40 /* BCAppDelegate.h */,
				9D45742E1A09509E0075CF40 /* BCAppDelegate.m */,
				9D349AB41A0A0069003F7EF6 /* Additions */,
				9D349AB91A0A010F003F7EF6 /* Managers */,
				9D349AB81A0A00F7003F7EF6 /* Models */,
				9D349AB71A0A00D0003F7EF6 /* Views */,
				9D349AB61A0A00B7003F7EF6 /* View Controllers */,
				9D4574361A09509E0075CF40 /* Images.xcassets */,
				9D4574291A09509E0075CF40 /* Supporting Files */,
			);
			path = TripTracker;
			sourceTree = "<group>";
		};
		9D4574291A09509E0075CF40 /* Supporting Files */ = {
			isa = PBXGroup;
			children = (
				9D45742A1A09509E0075CF40 /* Info.plist */,
				9D45742B1A09509E0075CF40 /* main.m */,
			);
			name = "Supporting Files";
			sourceTree = "<group>";
		};
		9D4574421A09509F0075CF40 /* TripTrackerTests */ = {
			isa = PBXGroup;
			children = (
				9D4574451A09509F0075CF40 /* TripTrackerTests.m */,
				9D4574431A09509F0075CF40 /* Supporting Files */,
			);
			path = TripTrackerTests;
			sourceTree = "<group>";
		};
		9D4574431A09509F0075CF40 /* Supporting Files */ = {
			isa = PBXGroup;
			children = (
				9D4574441A09509F0075CF40 /* Info.plist */,
			);
			name = "Supporting Files";
			sourceTree = "<group>";
		};
		9D7E3F071A096BDD0038FDB0 /* Frameworks */ = {
			isa = PBXGroup;
			children = (
				9D7E3F111A098A2E0038FDB0 /* CoreLocation.framework */,
				9D7E3F051A096BBF0038FDB0 /* CoreData.framework */,
			);
			name = Frameworks;
			path = TripTracker;
			sourceTree = "<group>";
		};
/* End PBXGroup section */

/* Begin PBXNativeTarget section */
		9D4574251A09509E0075CF40 /* TripTracker */ = {
			isa = PBXNativeTarget;
			buildConfigurationList = 9D4574491A09509F0075CF40 /* Build configuration list for PBXNativeTarget "TripTracker" */;
			buildPhases = (
				9D4574221A09509E0075CF40 /* Sources */,
				9D4574231A09509E0075CF40 /* Frameworks */,
				9D4574241A09509E0075CF40 /* Resources */,
			);
			buildRules = (
			);
			dependencies = (
			);
			name = TripTracker;
			productName = TripTracker;
			productReference = 9D4574261A09509E0075CF40 /* TripTracker.app */;
			productType = "com.apple.product-type.application";
		};
		9D45743E1A09509E0075CF40 /* TripTrackerTests */ = {
			isa = PBXNativeTarget;
			buildConfigurationList = 9D45744C1A09509F0075CF40 /* Build configuration list for PBXNativeTarget "TripTrackerTests" */;
			buildPhases = (
				9D45743B1A09509E0075CF40 /* Sources */,
				9D45743C1A09509E0075CF40 /* Frameworks */,
				9D45743D1A09509E0075CF40 /* Resources */,
			);
			buildRules = (
			);
			dependencies = (
				9D4574411A09509E0075CF40 /* PBXTargetDependency */,
			);
			name = TripTrackerTests;
			productName = TripTrackerTests;
			productReference = 9D45743F1A09509E0075CF40 /* TripTrackerTests.xctest */;
			productType = "com.apple.product-type.bundle.unit-test";
		};
/* End PBXNativeTarget section */

/* Begin PBXProject section */
		9D45741E1A09509E0075CF40 /* Project object */ = {
			isa = PBXProject;
			attributes = {
				CLASSPREFIX = CO;
				LastUpgradeCheck = 0610;
				TargetAttributes = {
					9D4574251A09509E0075CF40 = {
						CreatedOnToolsVersion = 6.1;
					};
					9D45743E1A09509E0075CF40 = {
						CreatedOnToolsVersion = 6.1;
						TestTargetID = 9D4574251A09509E0075CF40;
					};
				};
			};
			buildConfigurationList = 9D4574211A09509E0075CF40 /* Build configuration list for PBXProject "TripTracker" */;
			compatibilityVersion = "Xcode 3.2";
			developmentRegion = English;
			hasScannedForEncodings = 0;
			knownRegions = (
				en,
				Base,
			);
			mainGroup = 9D45741D1A09509E0075CF40;
			productRefGroup = 9D4574271A09509E0075CF40 /* Products */;
			projectDirPath = "";
			projectRoot = "";
			targets = (
				9D4574251A09509E0075CF40 /* TripTracker */,
				9D45743E1A09509E0075CF40 /* TripTrackerTests */,
			);
		};
/* End PBXProject section */

/* Begin PBXResourcesBuildPhase section */
		9D4574241A09509E0075CF40 /* Resources */ = {
			isa = PBXResourcesBuildPhase;
			buildActionMask = 2147483647;
			files = (
				9D4574371A09509E0075CF40 /* Images.xcassets in Resources */,
			);
			runOnlyForDeploymentPostprocessing = 0;
		};
		9D45743D1A09509E0075CF40 /* Resources */ = {
			isa = PBXResourcesBuildPhase;
			buildActionMask = 2147483647;
			files = (
			);
			runOnlyForDeploymentPostprocessing = 0;
		};
/* End PBXResourcesBuildPhase section */

/* Begin PBXSourcesBuildPhase section */
		9D4574221A09509E0075CF40 /* Sources */ = {
			isa = PBXSourcesBuildPhase;
			buildActionMask = 2147483647;
			files = (
				9D349AB31A09FDDB003F7EF6 /* NSDate+COAdditions.m in Sources */,
				9D7E3F0D1A096D5C0038FDB0 /* Trip.m in Sources */,
				9D45742F1A09509E0075CF40 /* BCAppDelegate.m in Sources */,
				9D7E3EFB1A095F9B0038FDB0 /* COTripLoggingControlView.m in Sources */,
				9D45742C1A09509E0075CF40 /* main.m in Sources */,
				9D7E3EFE1A0965940038FDB0 /* UIColor+COAdditions.m in Sources */,
				9D7E3F101A09783F0038FDB0 /* COTripManager.m in Sources */,
				9D7E3F011A0969D90038FDB0 /* COTripTableViewCell.m in Sources */,
				9D7E3F0A1A096CB40038FDB0 /* TripTracker.xcdatamodeld in Sources */,
				9D4574541A0952570075CF40 /* COHomeViewController.m in Sources */,
			);
			runOnlyForDeploymentPostprocessing = 0;
		};
		9D45743B1A09509E0075CF40 /* Sources */ = {
			isa = PBXSourcesBuildPhase;
			buildActionMask = 2147483647;
			files = (
				9D4574461A09509F0075CF40 /* TripTrackerTests.m in Sources */,
			);
			runOnlyForDeploymentPostprocessing = 0;
		};
/* End PBXSourcesBuildPhase section */

/* Begin PBXTargetDependency section */
		9D4574411A09509E0075CF40 /* PBXTargetDependency */ = {
			isa = PBXTargetDependency;
			target = 9D4574251A09509E0075CF40 /* TripTracker */;
			targetProxy = 9D4574401A09509E0075CF40 /* PBXContainerItemProxy */;
		};
/* End PBXTargetDependency section */

/* Begin XCBuildConfiguration section */
		9D4574471A09509F0075CF40 /* Debug */ = {
			isa = XCBuildConfiguration;
			buildSettings = {
				ALWAYS_SEARCH_USER_PATHS = NO;
				CLANG_CXX_LANGUAGE_STANDARD = "gnu++0x";
				CLANG_CXX_LIBRARY = "libc++";
				CLANG_ENABLE_MODULES = YES;
				CLANG_ENABLE_OBJC_ARC = YES;
				CLANG_WARN_BOOL_CONVERSION = YES;
				CLANG_WARN_CONSTANT_CONVERSION = YES;
				CLANG_WARN_DIRECT_OBJC_ISA_USAGE = YES_ERROR;
				CLANG_WARN_EMPTY_BODY = YES;
				CLANG_WARN_ENUM_CONVERSION = YES;
				CLANG_WARN_INT_CONVERSION = YES;
				CLANG_WARN_OBJC_ROOT_CLASS = YES_ERROR;
				CLANG_WARN_UNREACHABLE_CODE = YES;
				CLANG_WARN__DUPLICATE_METHOD_MATCH = YES;
				"CODE_SIGN_IDENTITY[sdk=iphoneos*]" = "iPhone Developer";
				COPY_PHASE_STRIP = NO;
				ENABLE_STRICT_OBJC_MSGSEND = YES;
				GCC_C_LANGUAGE_STANDARD = gnu99;
				GCC_DYNAMIC_NO_PIC = NO;
				GCC_OPTIMIZATION_LEVEL = 0;
				GCC_PREPROCESSOR_DEFINITIONS = (
					"DEBUG=1",
					"$(inherited)",
				);
				GCC_SYMBOLS_PRIVATE_EXTERN = NO;
				GCC_WARN_64_TO_32_BIT_CONVERSION = YES;
				GCC_WARN_ABOUT_RETURN_TYPE = YES_ERROR;
				GCC_WARN_UNDECLARED_SELECTOR = YES;
				GCC_WARN_UNINITIALIZED_AUTOS = YES_AGGRESSIVE;
				GCC_WARN_UNUSED_FUNCTION = YES;
				GCC_WARN_UNUSED_VARIABLE = YES;
				IPHONEOS_DEPLOYMENT_TARGET = 8.1;
				MTL_ENABLE_DEBUG_INFO = YES;
				ONLY_ACTIVE_ARCH = YES;
				SDKROOT = iphoneos;
			};
			name = Debug;
		};
		9D4574481A09509F0075CF40 /* Release */ = {
			isa = XCBuildConfiguration;
			buildSettings = {
				ALWAYS_SEARCH_USER_PATHS = NO;
				CLANG_CXX_LANGUAGE_STANDARD = "gnu++0x";
				CLANG_CXX_LIBRARY = "libc++";
				CLANG_ENABLE_MODULES = YES;
				CLANG_ENABLE_OBJC_ARC = YES;
				CLANG_WARN_BOOL_CONVERSION = YES;
				CLANG_WARN_CONSTANT_CONVERSION = YES;
				CLANG_WARN_DIRECT_OBJC_ISA_USAGE = YES_ERROR;
				CLANG_WARN_EMPTY_BODY = YES;
				CLANG_WARN_ENUM_CONVERSION = YES;
				CLANG_WARN_INT_CONVERSION = YES;
				CLANG_WARN_OBJC_ROOT_CLASS = YES_ERROR;
				CLANG_WARN_UNREACHABLE_CODE = YES;
				CLANG_WARN__DUPLICATE_METHOD_MATCH = YES;
				"CODE_SIGN_IDENTITY[sdk=iphoneos*]" = "iPhone Developer";
				COPY_PHASE_STRIP = YES;
				ENABLE_NS_ASSERTIONS = NO;
				ENABLE_STRICT_OBJC_MSGSEND = YES;
				GCC_C_LANGUAGE_STANDARD = gnu99;
				GCC_WARN_64_TO_32_BIT_CONVERSION = YES;
				GCC_WARN_ABOUT_RETURN_TYPE = YES_ERROR;
				GCC_WARN_UNDECLARED_SELECTOR = YES;
				GCC_WARN_UNINITIALIZED_AUTOS = YES_AGGRESSIVE;
				GCC_WARN_UNUSED_FUNCTION = YES;
				GCC_WARN_UNUSED_VARIABLE = YES;
				IPHONEOS_DEPLOYMENT_TARGET = 8.1;
				MTL_ENABLE_DEBUG_INFO = NO;
				SDKROOT = iphoneos;
				VALIDATE_PRODUCT = YES;
			};
			name = Release;
		};
		9D45744A1A09509F0075CF40 /* Debug */ = {
			isa = XCBuildConfiguration;
			buildSettings = {
				ASSETCATALOG_COMPILER_APPICON_NAME = "AppIcon-2";
				ASSETCATALOG_COMPILER_LAUNCHIMAGE_NAME = LaunchImage;
				INFOPLIST_FILE = TripTracker/Info.plist;
				IPHONEOS_DEPLOYMENT_TARGET = 8.0;
				LD_RUNPATH_SEARCH_PATHS = "$(inherited) @executable_path/Frameworks";
				PRODUCT_NAME = "$(TARGET_NAME)";
			};
			name = Debug;
		};
		9D45744B1A09509F0075CF40 /* Release */ = {
			isa = XCBuildConfiguration;
			buildSettings = {
				ASSETCATALOG_COMPILER_APPICON_NAME = "AppIcon-2";
				ASSETCATALOG_COMPILER_LAUNCHIMAGE_NAME = LaunchImage;
				INFOPLIST_FILE = TripTracker/Info.plist;
				IPHONEOS_DEPLOYMENT_TARGET = 8.0;
				LD_RUNPATH_SEARCH_PATHS = "$(inherited) @executable_path/Frameworks";
				PRODUCT_NAME = "$(TARGET_NAME)";
			};
			name = Release;
		};
		9D45744D1A09509F0075CF40 /* Debug */ = {
			isa = XCBuildConfiguration;
			buildSettings = {
				BUNDLE_LOADER = "$(TEST_HOST)";
				FRAMEWORK_SEARCH_PATHS = (
					"$(SDKROOT)/Developer/Library/Frameworks",
					"$(inherited)",
				);
				GCC_PREPROCESSOR_DEFINITIONS = (
					"DEBUG=1",
					"$(inherited)",
				);
				INFOPLIST_FILE = TripTrackerTests/Info.plist;
				LD_RUNPATH_SEARCH_PATHS = "$(inherited) @executable_path/Frameworks @loader_path/Frameworks";
				PRODUCT_NAME = "$(TARGET_NAME)";
				TEST_HOST = "$(BUILT_PRODUCTS_DIR)/TripTracker.app/TripTracker";
			};
			name = Debug;
		};
		9D45744E1A09509F0075CF40 /* Release */ = {
			isa = XCBuildConfiguration;
			buildSettings = {
				BUNDLE_LOADER = "$(TEST_HOST)";
				FRAMEWORK_SEARCH_PATHS = (
					"$(SDKROOT)/Developer/Library/Frameworks",
					"$(inherited)",
				);
				INFOPLIST_FILE = TripTrackerTests/Info.plist;
				LD_RUNPATH_SEARCH_PATHS = "$(inherited) @executable_path/Frameworks @loader_path/Frameworks";
				PRODUCT_NAME = "$(TARGET_NAME)";
				TEST_HOST = "$(BUILT_PRODUCTS_DIR)/TripTracker.app/TripTracker";
			};
			name = Release;
		};
/* End XCBuildConfiguration section */

/* Begin XCConfigurationList section */
		9D4574211A09509E0075CF40 /* Build configuration list for PBXProject "TripTracker" */ = {
			isa = XCConfigurationList;
			buildConfigurations = (
				9D4574471A09509F0075CF40 /* Debug */,
				9D4574481A09509F0075CF40 /* Release */,
			);
			defaultConfigurationIsVisible = 0;
			defaultConfigurationName = Release;
		};
		9D4574491A09509F0075CF40 /* Build configuration list for PBXNativeTarget "TripTracker" */ = {
			isa = XCConfigurationList;
			buildConfigurations = (
				9D45744A1A09509F0075CF40 /* Debug */,
				9D45744B1A09509F0075CF40 /* Release */,
			);
			defaultConfigurationIsVisible = 0;
			defaultConfigurationName = Release;
		};
		9D45744C1A09509F0075CF40 /* Build configuration list for PBXNativeTarget "TripTrackerTests" */ = {
			isa = XCConfigurationList;
			buildConfigurations = (
				9D45744D1A09509F0075CF40 /* Debug */,
				9D45744E1A09509F0075CF40 /* Release */,
			);
			defaultConfigurationIsVisible = 0;
			defaultConfigurationName = Release;
		};
/* End XCConfigurationList section */

/* Begin XCVersionGroup section */
		9D7E3F081A096CB40038FDB0 /* TripTracker.xcdatamodeld */ = {
			isa = XCVersionGroup;
			children = (
				9D7E3F091A096CB40038FDB0 /* TripTracker.xcdatamodel */,
			);
			currentVersion = 9D7E3F091A096CB40038FDB0 /* TripTracker.xcdatamodel */;
			path = TripTracker.xcdatamodeld;
			sourceTree = "<group>";
			versionGroupType = wrapper.xcdatamodel;
		};
/* End XCVersionGroup section */
	};
	rootObject = 9D45741E1A09509E0075CF40 /* Project object */;
}
